
Microsoft Visual Studio Solution File, Format Version 12.00
# Visual Studio 14
VisualStudioVersion = 14.0.25420.1
MinimumVisualStudioVersion = 10.0.40219.1
Project("{FAE04EC0-301F-11D3-BF4B-00C04F79EFBC}") = "WordGraph", "WordGraph\WordGraph.csproj", "{FA0758CD-3ED6-4179-8D98-F474C28810C0}"
EndProject
Project("{FAE04EC0-301F-11D3-BF4B-00C04F79EFBC}") = "TestWordGraph", "TestWordGraph\TestWordGraph.csproj", "{37C008BA-5E65-4D3B-BAB5-68C17200469E}"
EndProject
Global
	GlobalSection(SolutionConfigurationPlatforms) = preSolution
		Debug|Any CPU = Debug|Any CPU
		Release|Any CPU = Release|Any CPU
	EndGlobalSection
	GlobalSection(ProjectConfigurationPlatforms) = postSolution
		{FA0758CD-3ED6-4179-8D98-F474C28810C0}.Debug|Any CPU.ActiveCfg = Debug|Any CPU
		{FA0758CD-3ED6-4179-8D98-F474C28810C0}.Debug|Any CPU.Build.0 = Debug|Any CPU
		{FA0758CD-3ED6-4179-8D98-F474C28810C0}.Release|Any CPU.ActiveCfg = Release|Any CPU
		{FA0758CD-3ED6-4179-8D98-F474C28810C0}.Release|Any CPU.Build.0 = Release|Any CPU
		{37C008BA-5E65-4D3B-BAB5-68C17200469E}.Debug|Any CPU.ActiveCfg = Debug|Any CPU
		{37C008BA-5E65-4D3B-BAB5-68C17200469E}.Debug|Any CPU.Build.0 = Debug|Any CPU
		{37C008BA-5E65-4D3B-BAB5-68C17200469E}.Release|Any CPU.ActiveCfg = Release|Any CPU
		{37C008BA-5E65-4D3B-BAB5-68C17200469E}.Release|Any CPU.Build.0 = Release|Any CPU
	EndGlobalSection
	GlobalSection(SolutionProperties) = preSolution
		HideSolutionNode = FALSE
	EndGlobalSection
EndGlobal
